
Microsoft Visual Studio Solution File, Format Version 12.00
# Visual Studio Version 17
VisualStudioVersion = 17.11.35327.3
MinimumVisualStudioVersion = 10.0.40219.1
Project("{FAE04EC0-301F-11D3-BF4B-00C04F79EFBC}") = "Draw", "Draw\Draw.csproj", "{DBE48BC3-8395-4224-AF76-A82D4036171B}"
EndProject
Global
	GlobalSection(SolutionConfigurationPlatforms) = preSolution
		Debug|Any CPU = Debug|Any CPU
		Release|Any CPU = Release|Any CPU
	EndGlobalSection
	GlobalSection(ProjectConfigurationPlatforms) = postSolution
		{DBE48BC3-8395-4224-AF76-A82D4036171B}.Debug|Any CPU.ActiveCfg = Debug|Any CPU
		{DBE48BC3-8395-4224-AF76-A82D4036171B}.Debug|Any CPU.Build.0 = Debug|Any CPU
		{DBE48BC3-8395-4224-AF76-A82D4036171B}.Release|Any CPU.ActiveCfg = Release|Any CPU
		{DBE48BC3-8395-4224-AF76-A82D4036171B}.Release|Any CPU.Build.0 = Release|Any CPU
	EndGlobalSection
	GlobalSection(SolutionProperties) = preSolution
		HideSolutionNode = FALSE
	EndGlobalSection
	GlobalSection(ExtensibilityGlobals) = postSolution
		SolutionGuid = {5C1A4DDC-209D-475D-B982-BFCD693D9B55}
	EndGlobalSection
EndGlobal
